
Microsoft Visual Studio Solution File, Format Version 12.00
# Visual Studio Version 17
VisualStudioVersion = 17.3.32929.385
MinimumVisualStudioVersion = 10.0.40219.1
Project("{FAE04EC0-301F-11D3-BF4B-00C04F79EFBC}") = "QuizGame", "QuizGame.csproj", "{2233B357-F6F0-465E-93D8-2FADB594A22B}"
EndProject
Global
	GlobalSection(SolutionConfigurationPlatforms) = preSolution
		Debug|Any CPU = Debug|Any CPU
		Release|Any CPU = Release|Any CPU
	EndGlobalSection
	GlobalSection(ProjectConfigurationPlatforms) = postSolution
		{2233B357-F6F0-465E-93D8-2FADB594A22B}.Debug|Any CPU.ActiveCfg = Debug|Any CPU
		{2233B357-F6F0-465E-93D8-2FADB594A22B}.Debug|Any CPU.Build.0 = Debug|Any CPU
		{2233B357-F6F0-465E-93D8-2FADB594A22B}.Release|Any CPU.ActiveCfg = Release|Any CPU
		{2233B357-F6F0-465E-93D8-2FADB594A22B}.Release|Any CPU.Build.0 = Release|Any CPU
	EndGlobalSection
	GlobalSection(SolutionProperties) = preSolution
		HideSolutionNode = FALSE
	EndGlobalSection
	GlobalSection(ExtensibilityGlobals) = postSolution
		SolutionGuid = {D705D320-3B2E-42B1-BF3D-EFABF0FC3BAA}
	EndGlobalSection
EndGlobal
